# THIS IS AN AUTOGENERATED FILE. DO NOT EDIT THIS FILE DIRECTLY.
# yarn lockfile v1


"@types/node@^11.15.2":
  version "11.15.18"
  resolved "https://registry.npmjs.org/@types/node/-/node-11.15.18.tgz#b92ad2f5ef31a2b8a432f15db68265013d9f43db"
  integrity sha512-3p2M6moxwdDFyPia2ROI8CCkRa9ZzYjvCys2TOE1xgwYDQmY49Cj0cvkdBkzh/rY9gkvzgzYOeECYtB4f0/fDA==

commander@^2.20.3:
  version "2.20.3"
  resolved "https://registry.npmjs.org/commander/-/commander-2.20.3.tgz#fd485e84c03eb4881c20722ba48035e8531aeb33"
  integrity sha512-GpVkmM8vF2vQUkj2LvZmD35JxeJOLCwJ9cUkugyk2nuhbv3+mJvpLYYt+0+USMxE+oj+ey/lJEnhZw75x/OMcQ==

typescript@^4.0.0:
  version "4.1.2"
  resolved "https://registry.npmjs.org/typescript/-/typescript-4.1.2.tgz#6369ef22516fe5e10304aae5a5c4862db55380e9"
  integrity sha512-thGloWsGH3SOxv1SoY7QojKi0tc+8FnOmiarEGMbd/lar7QOEd3hvlx3Fp5y6FlDUGl9L+pd4n2e+oToGMmhRQ==
